
Microsoft Visual Studio Solution File, Format Version 12.00
# Visual Studio Version 17
VisualStudioVersion = 17.5.002.0
MinimumVisualStudioVersion = 10.0.40219.1
Project("{2150E333-8FDC-42A3-9474-1A3956D46DE8}") = "src", "src", "{72B7F9E8-DAC7-4664-987D-8FD2BE97035A}"
EndProject
Project("{9A19103F-16F7-4668-BE54-9A1E7A4F7556}") = "DiscordUtilities", "src\DiscordUtilities\DiscordUtilities.csproj", "{B211C7A4-D392-4A42-9F2E-07C285C99A0B}"
EndProject
Project("{9A19103F-16F7-4668-BE54-9A1E7A4F7556}") = "DiscordUtilitiesAPI", "src\DiscordUtilitiesAPI\DiscordUtilitiesAPI.csproj", "{4E0E2054-462B-4B36-828C-43E6E5A89F81}"
EndProject
Project("{2150E333-8FDC-42A3-9474-1A3956D46DE8}") = "Modules", "Modules", "{B7648A73-399D-4645-A957-687BC4E706C0}"
EndProject
Project("{9A19103F-16F7-4668-BE54-9A1E7A4F7556}") = "DU_ChatRelay", "src\Modules\ChatRelay\DU_ChatRelay.csproj", "{3AE0D063-6163-4A58-8BC3-06F8DD4748A3}"
EndProject
Project("{9A19103F-16F7-4668-BE54-9A1E7A4F7556}") = "DU_ConnectedPlayersRole", "src\Modules\ConnectedPlayersRole\DU_ConnectedPlayersRole.csproj", "{174B4928-EFFB-4FCA-834B-58E626889A77}"
EndProject
Project("{9A19103F-16F7-4668-BE54-9A1E7A4F7556}") = "DU_EventNotifications", "src\Modules\EventNotifications\DU_EventNotifications.csproj", "{38FA06FF-53D4-42EB-880F-09BC96E37D16}"
EndProject
Project("{9A19103F-16F7-4668-BE54-9A1E7A4F7556}") = "DU_ManageRolesAndPermissions", "src\Modules\ManageRolesAndPermissions\DU_ManageRolesAndPermissions.csproj", "{271420F6-2EF8-4BB1-8E5E-82C004305F21}"
EndProject
Project("{9A19103F-16F7-4668-BE54-9A1E7A4F7556}") = "DU_Rcon", "src\Modules\RCON\DU_Rcon.csproj", "{8686AFCF-D5B1-45B4-B308-5AB5C343243F}"
EndProject
Project("{9A19103F-16F7-4668-BE54-9A1E7A4F7556}") = "DU_Report", "src\Modules\Report\DU_Report.csproj", "{5D6A230D-464E-4DA8-ADE1-A8AF2E3BD2EC}"
EndProject
Project("{9A19103F-16F7-4668-BE54-9A1E7A4F7556}") = "DU_ServerStatus", "src\Modules\ServerStatus\DU_ServerStatus.csproj", "{875BEE18-420C-4C90-BFF2-37C2E08BAE6B}"
EndProject
Global
	GlobalSection(SolutionConfigurationPlatforms) = preSolution
		Debug|Any CPU = Debug|Any CPU
		Release|Any CPU = Release|Any CPU
	EndGlobalSection
	GlobalSection(ProjectConfigurationPlatforms) = postSolution
		{B211C7A4-D392-4A42-9F2E-07C285C99A0B}.Debug|Any CPU.ActiveCfg = Debug|Any CPU
		{B211C7A4-D392-4A42-9F2E-07C285C99A0B}.Debug|Any CPU.Build.0 = Debug|Any CPU
		{B211C7A4-D392-4A42-9F2E-07C285C99A0B}.Release|Any CPU.ActiveCfg = Release|Any CPU
		{B211C7A4-D392-4A42-9F2E-07C285C99A0B}.Release|Any CPU.Build.0 = Release|Any CPU
		{4E0E2054-462B-4B36-828C-43E6E5A89F81}.Debug|Any CPU.ActiveCfg = Debug|Any CPU
		{4E0E2054-462B-4B36-828C-43E6E5A89F81}.Debug|Any CPU.Build.0 = Debug|Any CPU
		{4E0E2054-462B-4B36-828C-43E6E5A89F81}.Release|Any CPU.ActiveCfg = Release|Any CPU
		{4E0E2054-462B-4B36-828C-43E6E5A89F81}.Release|Any CPU.Build.0 = Release|Any CPU
		{3AE0D063-6163-4A58-8BC3-06F8DD4748A3}.Debug|Any CPU.ActiveCfg = Debug|Any CPU
		{3AE0D063-6163-4A58-8BC3-06F8DD4748A3}.Debug|Any CPU.Build.0 = Debug|Any CPU
		{3AE0D063-6163-4A58-8BC3-06F8DD4748A3}.Release|Any CPU.ActiveCfg = Release|Any CPU
		{3AE0D063-6163-4A58-8BC3-06F8DD4748A3}.Release|Any CPU.Build.0 = Release|Any CPU
		{174B4928-EFFB-4FCA-834B-58E626889A77}.Debug|Any CPU.ActiveCfg = Debug|Any CPU
		{174B4928-EFFB-4FCA-834B-58E626889A77}.Debug|Any CPU.Build.0 = Debug|Any CPU
		{174B4928-EFFB-4FCA-834B-58E626889A77}.Release|Any CPU.ActiveCfg = Release|Any CPU
		{174B4928-EFFB-4FCA-834B-58E626889A77}.Release|Any CPU.Build.0 = Release|Any CPU
		{38FA06FF-53D4-42EB-880F-09BC96E37D16}.Debug|Any CPU.ActiveCfg = Debug|Any CPU
		{38FA06FF-53D4-42EB-880F-09BC96E37D16}.Debug|Any CPU.Build.0 = Debug|Any CPU
		{38FA06FF-53D4-42EB-880F-09BC96E37D16}.Release|Any CPU.ActiveCfg = Release|Any CPU
		{38FA06FF-53D4-42EB-880F-09BC96E37D16}.Release|Any CPU.Build.0 = Release|Any CPU
		{271420F6-2EF8-4BB1-8E5E-82C004305F21}.Debug|Any CPU.ActiveCfg = Debug|Any CPU
		{271420F6-2EF8-4BB1-8E5E-82C004305F21}.Debug|Any CPU.Build.0 = Debug|Any CPU
		{271420F6-2EF8-4BB1-8E5E-82C004305F21}.Release|Any CPU.ActiveCfg = Release|Any CPU
		{271420F6-2EF8-4BB1-8E5E-82C004305F21}.Release|Any CPU.Build.0 = Release|Any CPU
		{8686AFCF-D5B1-45B4-B308-5AB5C343243F}.Debug|Any CPU.ActiveCfg = Debug|Any CPU
		{8686AFCF-D5B1-45B4-B308-5AB5C343243F}.Debug|Any CPU.Build.0 = Debug|Any CPU
		{8686AFCF-D5B1-45B4-B308-5AB5C343243F}.Release|Any CPU.ActiveCfg = Release|Any CPU
		{8686AFCF-D5B1-45B4-B308-5AB5C343243F}.Release|Any CPU.Build.0 = Release|Any CPU
		{5D6A230D-464E-4DA8-ADE1-A8AF2E3BD2EC}.Debug|Any CPU.ActiveCfg = Debug|Any CPU
		{5D6A230D-464E-4DA8-ADE1-A8AF2E3BD2EC}.Debug|Any CPU.Build.0 = Debug|Any CPU
		{5D6A230D-464E-4DA8-ADE1-A8AF2E3BD2EC}.Release|Any CPU.ActiveCfg = Release|Any CPU
		{5D6A230D-464E-4DA8-ADE1-A8AF2E3BD2EC}.Release|Any CPU.Build.0 = Release|Any CPU
		{875BEE18-420C-4C90-BFF2-37C2E08BAE6B}.Debug|Any CPU.ActiveCfg = Debug|Any CPU
		{875BEE18-420C-4C90-BFF2-37C2E08BAE6B}.Debug|Any CPU.Build.0 = Debug|Any CPU
		{875BEE18-420C-4C90-BFF2-37C2E08BAE6B}.Release|Any CPU.ActiveCfg = Release|Any CPU
		{875BEE18-420C-4C90-BFF2-37C2E08BAE6B}.Release|Any CPU.Build.0 = Release|Any CPU
	EndGlobalSection
	GlobalSection(SolutionProperties) = preSolution
		HideSolutionNode = FALSE
	EndGlobalSection
	GlobalSection(NestedProjects) = preSolution
		{B211C7A4-D392-4A42-9F2E-07C285C99A0B} = {72B7F9E8-DAC7-4664-987D-8FD2BE97035A}
		{4E0E2054-462B-4B36-828C-43E6E5A89F81} = {72B7F9E8-DAC7-4664-987D-8FD2BE97035A}
		{B7648A73-399D-4645-A957-687BC4E706C0} = {72B7F9E8-DAC7-4664-987D-8FD2BE97035A}
		{3AE0D063-6163-4A58-8BC3-06F8DD4748A3} = {B7648A73-399D-4645-A957-687BC4E706C0}
		{174B4928-EFFB-4FCA-834B-58E626889A77} = {B7648A73-399D-4645-A957-687BC4E706C0}
		{38FA06FF-53D4-42EB-880F-09BC96E37D16} = {B7648A73-399D-4645-A957-687BC4E706C0}
		{271420F6-2EF8-4BB1-8E5E-82C004305F21} = {B7648A73-399D-4645-A957-687BC4E706C0}
		{8686AFCF-D5B1-45B4-B308-5AB5C343243F} = {B7648A73-399D-4645-A957-687BC4E706C0}
		{5D6A230D-464E-4DA8-ADE1-A8AF2E3BD2EC} = {B7648A73-399D-4645-A957-687BC4E706C0}
		{875BEE18-420C-4C90-BFF2-37C2E08BAE6B} = {B7648A73-399D-4645-A957-687BC4E706C0}
	EndGlobalSection
	GlobalSection(ExtensibilityGlobals) = postSolution
		SolutionGuid = {BEE113E8-E555-4F44-8C9C-1CFCB1D34487}
	EndGlobalSection
EndGlobal
